
Microsoft Visual Studio Solution File, Format Version 12.00
# Visual Studio 15
VisualStudioVersion = 15.0.27703.2018
MinimumVisualStudioVersion = 10.0.40219.1
Project("{F2A71F9B-5D33-465A-A702-920D77279786}") = "GenbankTypeProvider", "GenbankTypeProvider\GenbankTypeProvider.fsproj", "{00DCF9E0-836F-4CEE-A620-C9A7084ADE42}"
EndProject
Project("{F2A71F9B-5D33-465A-A702-920D77279786}") = "GenbankTypeProvider.Tests", "GenbankTypeProvider.Tests\GenbankTypeProvider.Tests.fsproj", "{440F0873-DAC0-43B4-859D-1915FB57C7D4}"
EndProject
Global
	GlobalSection(SolutionConfigurationPlatforms) = preSolution
		Debug|Any CPU = Debug|Any CPU
		Release|Any CPU = Release|Any CPU
	EndGlobalSection
	GlobalSection(ProjectConfigurationPlatforms) = postSolution
		{00DCF9E0-836F-4CEE-A620-C9A7084ADE42}.Debug|Any CPU.ActiveCfg = Debug|Any CPU
		{00DCF9E0-836F-4CEE-A620-C9A7084ADE42}.Debug|Any CPU.Build.0 = Debug|Any CPU
		{00DCF9E0-836F-4CEE-A620-C9A7084ADE42}.Release|Any CPU.ActiveCfg = Release|Any CPU
		{00DCF9E0-836F-4CEE-A620-C9A7084ADE42}.Release|Any CPU.Build.0 = Release|Any CPU
		{440F0873-DAC0-43B4-859D-1915FB57C7D4}.Debug|Any CPU.ActiveCfg = Debug|Any CPU
		{440F0873-DAC0-43B4-859D-1915FB57C7D4}.Debug|Any CPU.Build.0 = Debug|Any CPU
		{440F0873-DAC0-43B4-859D-1915FB57C7D4}.Release|Any CPU.ActiveCfg = Release|Any CPU
		{440F0873-DAC0-43B4-859D-1915FB57C7D4}.Release|Any CPU.Build.0 = Release|Any CPU
	EndGlobalSection
	GlobalSection(SolutionProperties) = preSolution
		HideSolutionNode = FALSE
	EndGlobalSection
	GlobalSection(ExtensibilityGlobals) = postSolution
		SolutionGuid = {F7367D26-DEE0-4B3F-8CD3-5F0F09B2AB96}
	EndGlobalSection
EndGlobal
